// !$*UTF8*$!
{
	archiveVersion = 1;
	classes = {
	};
	objectVersion = 48;
	objects = {

/* Begin PBXBuildFile section */
		66AE16911FDE2796003307BB /* AppDelegate.swift in Sources */ = {isa = PBXBuildFile; fileRef = 66AE16901FDE2796003307BB /* AppDelegate.swift */; };
		66AE16931FDE2796003307BB /* ViewController.swift in Sources */ = {isa = PBXBuildFile; fileRef = 66AE16921FDE2796003307BB /* ViewController.swift */; };
		66AE16961FDE2796003307BB /* Main.storyboard in Resources */ = {isa = PBXBuildFile; fileRef = 66AE16941FDE2796003307BB /* Main.storyboard */; };
		66AE16991FDE2796003307BB /* Unify.xcdatamodeld in Sources */ = {isa = PBXBuildFile; fileRef = 66AE16971FDE2796003307BB /* Unify.xcdatamodeld */; };
		66AE169B1FDE2796003307BB /* Assets.xcassets in Resources */ = {isa = PBXBuildFile; fileRef = 66AE169A1FDE2796003307BB /* Assets.xcassets */; };
		66AE169E1FDE2796003307BB /* LaunchScreen.storyboard in Resources */ = {isa = PBXBuildFile; fileRef = 66AE169C1FDE2796003307BB /* LaunchScreen.storyboard */; };
		66AE16A91FDE2796003307BB /* UnifyTests.swift in Sources */ = {isa = PBXBuildFile; fileRef = 66AE16A81FDE2796003307BB /* UnifyTests.swift */; };
		66AE16B41FDE29C2003307BB /* CameraViewController.swift in Sources */ = {isa = PBXBuildFile; fileRef = 66AE16B31FDE29C2003307BB /* CameraViewController.swift */; };
/* End PBXBuildFile section */

/* Begin PBXContainerItemProxy section */
		66AE16A51FDE2796003307BB /* PBXContainerItemProxy */ = {
			isa = PBXContainerItemProxy;
			containerPortal = 66AE16851FDE2796003307BB /* Project object */;
			proxyType = 1;
			remoteGlobalIDString = 66AE168C1FDE2796003307BB;
			remoteInfo = Unify;
		};
/* End PBXContainerItemProxy section */

/* Begin PBXFileReference section */
		66AE168D1FDE2796003307BB /* Unify.app */ = {isa = PBXFileReference; explicitFileType = wrapper.application; includeInIndex = 0; path = Unify.app; sourceTree = BUILT_PRODUCTS_DIR; };
		66AE16901FDE2796003307BB /* AppDelegate.swift */ = {isa = PBXFileReference; lastKnownFileType = sourcecode.swift; path = AppDelegate.swift; sourceTree = "<group>"; };
		66AE16921FDE2796003307BB /* ViewController.swift */ = {isa = PBXFileReference; lastKnownFileType = sourcecode.swift; path = ViewController.swift; sourceTree = "<group>"; };
		66AE16951FDE2796003307BB /* Base */ = {isa = PBXFileReference; lastKnownFileType = file.storyboard; name = Base; path = Base.lproj/Main.storyboard; sourceTree = "<group>"; };
		66AE16981FDE2796003307BB /* Unify.xcdatamodel */ = {isa = PBXFileReference; lastKnownFileType = wrapper.xcdatamodel; path = Unify.xcdatamodel; sourceTree = "<group>"; };
		66AE169A1FDE2796003307BB /* Assets.xcassets */ = {isa = PBXFileReference; lastKnownFileType = folder.assetcatalog; path = Assets.xcassets; sourceTree = "<group>"; };
		66AE169D1FDE2796003307BB /* Base */ = {isa = PBXFileReference; lastKnownFileType = file.storyboard; name = Base; path = Base.lproj/LaunchScreen.storyboard; sourceTree = "<group>"; };
		66AE169F1FDE2796003307BB /* Info.plist */ = {isa = PBXFileReference; lastKnownFileType = text.plist.xml; path = Info.plist; sourceTree = "<group>"; };
		66AE16A41FDE2796003307BB /* UnifyTests.xctest */ = {isa = PBXFileReference; explicitFileType = wrapper.cfbundle; includeInIndex = 0; path = UnifyTests.xctest; sourceTree = BUILT_PRODUCTS_DIR; };
		66AE16A81FDE2796003307BB /* UnifyTests.swift */ = {isa = PBXFileReference; lastKnownFileType = sourcecode.swift; path = UnifyTests.swift; sourceTree = "<group>"; };
		66AE16AA1FDE2796003307BB /* Info.plist */ = {isa = PBXFileReference; lastKnownFileType = text.plist.xml; path = Info.plist; sourceTree = "<group>"; };
		66AE16B31FDE29C2003307BB /* CameraViewController.swift */ = {isa = PBXFileReference; lastKnownFileType = sourcecode.swift; path = CameraViewController.swift; sourceTree = "<group>"; };
/* End PBXFileReference section */

/* Begin PBXFrameworksBuildPhase section */
		66AE168A1FDE2796003307BB /* Frameworks */ = {
			isa = PBXFrameworksBuildPhase;
			buildActionMask = 2147483647;
			files = (
			);
			runOnlyForDeploymentPostprocessing = 0;
		};
		66AE16A11FDE2796003307BB /* Frameworks */ = {
			isa = PBXFrameworksBuildPhase;
			buildActionMask = 2147483647;
			files = (
			);
			runOnlyForDeploymentPostprocessing = 0;
		};
/* End PBXFrameworksBuildPhase section */

/* Begin PBXGroup section */
		66AE16841FDE2796003307BB = {
			isa = PBXGroup;
			children = (
				66AE168F1FDE2796003307BB /* Unify */,
				66AE16A71FDE2796003307BB /* UnifyTests */,
				66AE168E1FDE2796003307BB /* Products */,
			);
			sourceTree = "<group>";
		};
		66AE168E1FDE2796003307BB /* Products */ = {
			isa = PBXGroup;
			children = (
				66AE168D1FDE2796003307BB /* Unify.app */,
				66AE16A41FDE2796003307BB /* UnifyTests.xctest */,
			);
			name = Products;
			sourceTree = "<group>";
		};
		66AE168F1FDE2796003307BB /* Unify */ = {
			isa = PBXGroup;
			children = (
				66AE16901FDE2796003307BB /* AppDelegate.swift */,
				66AE16B51FDE29DD003307BB /* controllers */,
				66AE16941FDE2796003307BB /* Main.storyboard */,
				66AE169A1FDE2796003307BB /* Assets.xcassets */,
				66AE169C1FDE2796003307BB /* LaunchScreen.storyboard */,
				66AE169F1FDE2796003307BB /* Info.plist */,
				66AE16971FDE2796003307BB /* Unify.xcdatamodeld */,
			);
			path = Unify;
			sourceTree = "<group>";
		};
		66AE16A71FDE2796003307BB /* UnifyTests */ = {
			isa = PBXGroup;
			children = (
				66AE16A81FDE2796003307BB /* UnifyTests.swift */,
				66AE16AA1FDE2796003307BB /* Info.plist */,
			);
			path = UnifyTests;
			sourceTree = "<group>";
		};
		66AE16B51FDE29DD003307BB /* controllers */ = {
			isa = PBXGroup;
			children = (
				66AE16921FDE2796003307BB /* ViewController.swift */,
				66AE16B31FDE29C2003307BB /* CameraViewController.swift */,
			);
			path = controllers;
			sourceTree = "<group>";
		};
/* End PBXGroup section */

/* Begin PBXNativeTarget section */
		66AE168C1FDE2796003307BB /* Unify */ = {
			isa = PBXNativeTarget;
			buildConfigurationList = 66AE16AD1FDE2796003307BB /* Build configuration list for PBXNativeTarget "Unify" */;
			buildPhases = (
				66AE16891FDE2796003307BB /* Sources */,
				66AE168A1FDE2796003307BB /* Frameworks */,
				66AE168B1FDE2796003307BB /* Resources */,
			);
			buildRules = (
			);
			dependencies = (
			);
			name = Unify;
			productName = Unify;
			productReference = 66AE168D1FDE2796003307BB /* Unify.app */;
			productType = "com.apple.product-type.application";
		};
		66AE16A31FDE2796003307BB /* UnifyTests */ = {
			isa = PBXNativeTarget;
			buildConfigurationList = 66AE16B01FDE2796003307BB /* Build configuration list for PBXNativeTarget "UnifyTests" */;
			buildPhases = (
				66AE16A01FDE2796003307BB /* Sources */,
				66AE16A11FDE2796003307BB /* Frameworks */,
				66AE16A21FDE2796003307BB /* Resources */,
			);
			buildRules = (
			);
			dependencies = (
				66AE16A61FDE2796003307BB /* PBXTargetDependency */,
			);
			name = UnifyTests;
			productName = UnifyTests;
			productReference = 66AE16A41FDE2796003307BB /* UnifyTests.xctest */;
			productType = "com.apple.product-type.bundle.unit-test";
		};
/* End PBXNativeTarget section */

/* Begin PBXProject section */
		66AE16851FDE2796003307BB /* Project object */ = {
			isa = PBXProject;
			attributes = {
				LastSwiftUpdateCheck = 0910;
				LastUpgradeCheck = 0910;
				ORGANIZATIONNAME = "Chrishon Wyllie";
				TargetAttributes = {
					66AE168C1FDE2796003307BB = {
						CreatedOnToolsVersion = 9.1;
						ProvisioningStyle = Automatic;
					};
					66AE16A31FDE2796003307BB = {
						CreatedOnToolsVersion = 9.1;
						ProvisioningStyle = Automatic;
						TestTargetID = 66AE168C1FDE2796003307BB;
					};
				};
			};
			buildConfigurationList = 66AE16881FDE2796003307BB /* Build configuration list for PBXProject "Unify" */;
			compatibilityVersion = "Xcode 8.0";
			developmentRegion = en;
			hasScannedForEncodings = 0;
			knownRegions = (
				en,
				Base,
			);
			mainGroup = 66AE16841FDE2796003307BB;
			productRefGroup = 66AE168E1FDE2796003307BB /* Products */;
			projectDirPath = "";
			projectRoot = "";
			targets = (
				66AE168C1FDE2796003307BB /* Unify */,
				66AE16A31FDE2796003307BB /* UnifyTests */,
			);
		};
/* End PBXProject section */

/* Begin PBXResourcesBuildPhase section */
		66AE168B1FDE2796003307BB /* Resources */ = {
			isa = PBXResourcesBuildPhase;
			buildActionMask = 2147483647;
			files = (
				66AE169E1FDE2796003307BB /* LaunchScreen.storyboard in Resources */,
				66AE169B1FDE2796003307BB /* Assets.xcassets in Resources */,
				66AE16961FDE2796003307BB /* Main.storyboard in Resources */,
			);
			runOnlyForDeploymentPostprocessing = 0;
		};
		66AE16A21FDE2796003307BB /* Resources */ = {
			isa = PBXResourcesBuildPhase;
			buildActionMask = 2147483647;
			files = (
			);
			runOnlyForDeploymentPostprocessing = 0;
		};
/* End PBXResourcesBuildPhase section */

/* Begin PBXSourcesBuildPhase section */
		66AE16891FDE2796003307BB /* Sources */ = {
			isa = PBXSourcesBuildPhase;
			buildActionMask = 2147483647;
			files = (
				66AE16931FDE2796003307BB /* ViewController.swift in Sources */,
				66AE16B41FDE29C2003307BB /* CameraViewController.swift in Sources */,
				66AE16991FDE2796003307BB /* Unify.xcdatamodeld in Sources */,
				66AE16911FDE2796003307BB /* AppDelegate.swift in Sources */,
			);
			runOnlyForDeploymentPostprocessing = 0;
		};
		66AE16A01FDE2796003307BB /* Sources */ = {
			isa = PBXSourcesBuildPhase;
			buildActionMask = 2147483647;
			files = (
				66AE16A91FDE2796003307BB /* UnifyTests.swift in Sources */,
			);
			runOnlyForDeploymentPostprocessing = 0;
		};
/* End PBXSourcesBuildPhase section */

/* Begin PBXTargetDependency section */
		66AE16A61FDE2796003307BB /* PBXTargetDependency */ = {
			isa = PBXTargetDependency;
			target = 66AE168C1FDE2796003307BB /* Unify */;
			targetProxy = 66AE16A51FDE2796003307BB /* PBXContainerItemProxy */;
		};
/* End PBXTargetDependency section */

/* Begin PBXVariantGroup section */
		66AE16941FDE2796003307BB /* Main.storyboard */ = {
			isa = PBXVariantGroup;
			children = (
				66AE16951FDE2796003307BB /* Base */,
			);
			name = Main.storyboard;
			sourceTree = "<group>";
		};
		66AE169C1FDE2796003307BB /* LaunchScreen.storyboard */ = {
			isa = PBXVariantGroup;
			children = (
				66AE169D1FDE2796003307BB /* Base */,
			);
			name = LaunchScreen.storyboard;
			sourceTree = "<group>";
		};
/* End PBXVariantGroup section */

/* Begin XCBuildConfiguration section */
		66AE16AB1FDE2796003307BB /* Debug */ = {
			isa = XCBuildConfiguration;
			buildSettings = {
				ALWAYS_SEARCH_USER_PATHS = NO;
				CLANG_ANALYZER_NONNULL = YES;
				CLANG_ANALYZER_NUMBER_OBJECT_CONVERSION = YES_AGGRESSIVE;
				CLANG_CXX_LANGUAGE_STANDARD = "gnu++14";
				CLANG_CXX_LIBRARY = "libc++";
				CLANG_ENABLE_MODULES = YES;
				CLANG_ENABLE_OBJC_ARC = YES;
				CLANG_WARN_BLOCK_CAPTURE_AUTORELEASING = YES;
				CLANG_WARN_BOOL_CONVERSION = YES;
				CLANG_WARN_COMMA = YES;
				CLANG_WARN_CONSTANT_CONVERSION = YES;
				CLANG_WARN_DIRECT_OBJC_ISA_USAGE = YES_ERROR;
				CLANG_WARN_DOCUMENTATION_COMMENTS = YES;
				CLANG_WARN_EMPTY_BODY = YES;
				CLANG_WARN_ENUM_CONVERSION = YES;
				CLANG_WARN_INFINITE_RECURSION = YES;
				CLANG_WARN_INT_CONVERSION = YES;
				CLANG_WARN_NON_LITERAL_NULL_CONVERSION = YES;
				CLANG_WARN_OBJC_LITERAL_CONVERSION = YES;
				CLANG_WARN_OBJC_ROOT_CLASS = YES_ERROR;
				CLANG_WARN_RANGE_LOOP_ANALYSIS = YES;
				CLANG_WARN_STRICT_PROTOTYPES = YES;
				CLANG_WARN_SUSPICIOUS_MOVE = YES;
				CLANG_WARN_UNGUARDED_AVAILABILITY = YES_AGGRESSIVE;
				CLANG_WARN_UNREACHABLE_CODE = YES;
				CLANG_WARN__DUPLICATE_METHOD_MATCH = YES;
				CODE_SIGN_IDENTITY = "iPhone Developer";
				COPY_PHASE_STRIP = NO;
				DEBUG_INFORMATION_FORMAT = dwarf;
				ENABLE_STRICT_OBJC_MSGSEND = YES;
				ENABLE_TESTABILITY = YES;
				GCC_C_LANGUAGE_STANDARD = gnu11;
				GCC_DYNAMIC_NO_PIC = NO;
				GCC_NO_COMMON_BLOCKS = YES;
				GCC_OPTIMIZATION_LEVEL = 0;
				GCC_PREPROCESSOR_DEFINITIONS = (
					"DEBUG=1",
					"$(inherited)",
				);
				GCC_WARN_64_TO_32_BIT_CONVERSION = YES;
				GCC_WARN_ABOUT_RETURN_TYPE = YES_ERROR;
				GCC_WARN_UNDECLARED_SELECTOR = YES;
				GCC_WARN_UNINITIALIZED_AUTOS = YES_AGGRESSIVE;
				GCC_WARN_UNUSED_FUNCTION = YES;
				GCC_WARN_UNUSED_VARIABLE = YES;
				IPHONEOS_DEPLOYMENT_TARGET = 11.1;
				MTL_ENABLE_DEBUG_INFO = YES;
				ONLY_ACTIVE_ARCH = YES;
				SDKROOT = iphoneos;
				SWIFT_ACTIVE_COMPILATION_CONDITIONS = DEBUG;
				SWIFT_OPTIMIZATION_LEVEL = "-Onone";
			};
			name = Debug;
		};
		66AE16AC1FDE2796003307BB /* Release */ = {
			isa = XCBuildConfiguration;
			buildSettings = {
				ALWAYS_SEARCH_USER_PATHS = NO;
				CLANG_ANALYZER_NONNULL = YES;
				CLANG_ANALYZER_NUMBER_OBJECT_CONVERSION = YES_AGGRESSIVE;
				CLANG_CXX_LANGUAGE_STANDARD = "gnu++14";
				CLANG_CXX_LIBRARY = "libc++";
				CLANG_ENABLE_MODULES = YES;
				CLANG_ENABLE_OBJC_ARC = YES;
				CLANG_WARN_BLOCK_CAPTURE_AUTORELEASING = YES;
				CLANG_WARN_BOOL_CONVERSION = YES;
				CLANG_WARN_COMMA = YES;
				CLANG_WARN_CONSTANT_CONVERSION = YES;
				CLANG_WARN_DIRECT_OBJC_ISA_USAGE = YES_ERROR;
				CLANG_WARN_DOCUMENTATION_COMMENTS = YES;
				CLANG_WARN_EMPTY_BODY = YES;
				CLANG_WARN_ENUM_CONVERSION = YES;
				CLANG_WARN_INFINITE_RECURSION = YES;
				CLANG_WARN_INT_CONVERSION = YES;
				CLANG_WARN_NON_LITERAL_NULL_CONVERSION = YES;
				CLANG_WARN_OBJC_LITERAL_CONVERSION = YES;
				CLANG_WARN_OBJC_ROOT_CLASS = YES_ERROR;
				CLANG_WARN_RANGE_LOOP_ANALYSIS = YES;
				CLANG_WARN_STRICT_PROTOTYPES = YES;
				CLANG_WARN_SUSPICIOUS_MOVE = YES;
				CLANG_WARN_UNGUARDED_AVAILABILITY = YES_AGGRESSIVE;
				CLANG_WARN_UNREACHABLE_CODE = YES;
				CLANG_WARN__DUPLICATE_METHOD_MATCH = YES;
				CODE_SIGN_IDENTITY = "iPhone Developer";
				COPY_PHASE_STRIP = NO;
				DEBUG_INFORMATION_FORMAT = "dwarf-with-dsym";
				ENABLE_NS_ASSERTIONS = NO;
				ENABLE_STRICT_OBJC_MSGSEND = YES;
				GCC_C_LANGUAGE_STANDARD = gnu11;
				GCC_NO_COMMON_BLOCKS = YES;
				GCC_WARN_64_TO_32_BIT_CONVERSION = YES;
				GCC_WARN_ABOUT_RETURN_TYPE = YES_ERROR;
				GCC_WARN_UNDECLARED_SELECTOR = YES;
				GCC_WARN_UNINITIALIZED_AUTOS = YES_AGGRESSIVE;
				GCC_WARN_UNUSED_FUNCTION = YES;
				GCC_WARN_UNUSED_VARIABLE = YES;
				IPHONEOS_DEPLOYMENT_TARGET = 11.1;
				MTL_ENABLE_DEBUG_INFO = NO;
				SDKROOT = iphoneos;
				SWIFT_OPTIMIZATION_LEVEL = "-Owholemodule";
				VALIDATE_PRODUCT = YES;
			};
			name = Release;
		};
		66AE16AE1FDE2796003307BB /* Debug */ = {
			isa = XCBuildConfiguration;
			buildSettings = {
				ASSETCATALOG_COMPILER_APPICON_NAME = AppIcon;
				CODE_SIGN_STYLE = Automatic;
				DEVELOPMENT_TEAM = UL42AV8U5L;
				INFOPLIST_FILE = Unify/Info.plist;
				IPHONEOS_DEPLOYMENT_TARGET = 10.0;
				LD_RUNPATH_SEARCH_PATHS = "$(inherited) @executable_path/Frameworks";
				PRODUCT_BUNDLE_IDENTIFIER = com.ChrishonWyllie.Unify;
				PRODUCT_NAME = "$(TARGET_NAME)";
				SWIFT_VERSION = 4.0;
				TARGETED_DEVICE_FAMILY = "1,2";
			};
			name = Debug;
		};
		66AE16AF1FDE2796003307BB /* Release */ = {
			isa = XCBuildConfiguration;
			buildSettings = {
				ASSETCATALOG_COMPILER_APPICON_NAME = AppIcon;
				CODE_SIGN_STYLE = Automatic;
				DEVELOPMENT_TEAM = UL42AV8U5L;
				INFOPLIST_FILE = Unify/Info.plist;
				IPHONEOS_DEPLOYMENT_TARGET = 10.0;
				LD_RUNPATH_SEARCH_PATHS = "$(inherited) @executable_path/Frameworks";
				PRODUCT_BUNDLE_IDENTIFIER = com.ChrishonWyllie.Unify;
				PRODUCT_NAME = "$(TARGET_NAME)";
				SWIFT_VERSION = 4.0;
				TARGETED_DEVICE_FAMILY = "1,2";
			};
			name = Release;
		};
		66AE16B11FDE2796003307BB /* Debug */ = {
			isa = XCBuildConfiguration;
			buildSettings = {
				ALWAYS_EMBED_SWIFT_STANDARD_LIBRARIES = YES;
				BUNDLE_LOADER = "$(TEST_HOST)";
				CODE_SIGN_STYLE = Automatic;
				DEVELOPMENT_TEAM = UL42AV8U5L;
				INFOPLIST_FILE = UnifyTests/Info.plist;
				LD_RUNPATH_SEARCH_PATHS = "$(inherited) @executable_path/Frameworks @loader_path/Frameworks";
				PRODUCT_BUNDLE_IDENTIFIER = com.ChrishonWyllie.UnifyTests;
				PRODUCT_NAME = "$(TARGET_NAME)";
				SWIFT_VERSION = 4.0;
				TARGETED_DEVICE_FAMILY = "1,2";
				TEST_HOST = "$(BUILT_PRODUCTS_DIR)/Unify.app/Unify";
			};
			name = Debug;
		};
		66AE16B21FDE2796003307BB /* Release */ = {
			isa = XCBuildConfiguration;
			buildSettings = {
				ALWAYS_EMBED_SWIFT_STANDARD_LIBRARIES = YES;
				BUNDLE_LOADER = "$(TEST_HOST)";
				CODE_SIGN_STYLE = Automatic;
				DEVELOPMENT_TEAM = UL42AV8U5L;
				INFOPLIST_FILE = UnifyTests/Info.plist;
				LD_RUNPATH_SEARCH_PATHS = "$(inherited) @executable_path/Frameworks @loader_path/Frameworks";
				PRODUCT_BUNDLE_IDENTIFIER = com.ChrishonWyllie.UnifyTests;
				PRODUCT_NAME = "$(TARGET_NAME)";
				SWIFT_VERSION = 4.0;
				TARGETED_DEVICE_FAMILY = "1,2";
				TEST_HOST = "$(BUILT_PRODUCTS_DIR)/Unify.app/Unify";
			};
			name = Release;
		};
/* End XCBuildConfiguration section */

/* Begin XCConfigurationList section */
		66AE16881FDE2796003307BB /* Build configuration list for PBXProject "Unify" */ = {
			isa = XCConfigurationList;
			buildConfigurations = (
				66AE16AB1FDE2796003307BB /* Debug */,
				66AE16AC1FDE2796003307BB /* Release */,
			);
			defaultConfigurationIsVisible = 0;
			defaultConfigurationName = Release;
		};
		66AE16AD1FDE2796003307BB /* Build configuration list for PBXNativeTarget "Unify" */ = {
			isa = XCConfigurationList;
			buildConfigurations = (
				66AE16AE1FDE2796003307BB /* Debug */,
				66AE16AF1FDE2796003307BB /* Release */,
			);
			defaultConfigurationIsVisible = 0;
			defaultConfigurationName = Release;
		};
		66AE16B01FDE2796003307BB /* Build configuration list for PBXNativeTarget "UnifyTests" */ = {
			isa = XCConfigurationList;
			buildConfigurations = (
				66AE16B11FDE2796003307BB /* Debug */,
				66AE16B21FDE2796003307BB /* Release */,
			);
			defaultConfigurationIsVisible = 0;
			defaultConfigurationName = Release;
		};
/* End XCConfigurationList section */

/* Begin XCVersionGroup section */
		66AE16971FDE2796003307BB /* Unify.xcdatamodeld */ = {
			isa = XCVersionGroup;
			children = (
				66AE16981FDE2796003307BB /* Unify.xcdatamodel */,
			);
			currentVersion = 66AE16981FDE2796003307BB /* Unify.xcdatamodel */;
			path = Unify.xcdatamodeld;
			sourceTree = "<group>";
			versionGroupType = wrapper.xcdatamodel;
		};
/* End XCVersionGroup section */
	};
	rootObject = 66AE16851FDE2796003307BB /* Project object */;
}
